// !$*UTF8*$!
{
	archiveVersion = 1;
	classes = {
	};
	objectVersion = 50;
	objects = {

/* Begin PBXBuildFile section */
		D0CC939D22A5F917001E308D /* AppDelegate.swift in Sources */ = {isa = PBXBuildFile; fileRef = D0CC939C22A5F917001E308D /* AppDelegate.swift */; };
		D0CC939F22A5F91A001E308D /* Assets.xcassets in Resources */ = {isa = PBXBuildFile; fileRef = D0CC939E22A5F91A001E308D /* Assets.xcassets */; };
		D0CC93A222A5F91A001E308D /* MainMenu.xib in Resources */ = {isa = PBXBuildFile; fileRef = D0CC93A022A5F91A001E308D /* MainMenu.xib */; };
		D0CC93B122A5F9A1001E308D /* io_object_t+IOUSBDevice.swift in Sources */ = {isa = PBXBuildFile; fileRef = D0CC93AE22A5F9A1001E308D /* io_object_t+IOUSBDevice.swift */; };
		D0CC93B322A5F9A1001E308D /* USBManager.swift in Sources */ = {isa = PBXBuildFile; fileRef = D0CC93B022A5F9A1001E308D /* USBManager.swift */; };
		D0CC93BE22A5FD39001E308D /* RTLSDR_Swift.framework in Frameworks */ = {isa = PBXBuildFile; fileRef = D0CC93BD22A5FD39001E308D /* RTLSDR_Swift.framework */; };
		D0CC93BF22A5FD39001E308D /* RTLSDR_Swift.framework in Embed Frameworks */ = {isa = PBXBuildFile; fileRef = D0CC93BD22A5FD39001E308D /* RTLSDR_Swift.framework */; settings = {ATTRIBUTES = (CodeSignOnCopy, RemoveHeadersOnCopy, ); }; };
/* End PBXBuildFile section */

/* Begin PBXCopyFilesBuildPhase section */
		D0CC93BC22A5FD23001E308D /* Embed Frameworks */ = {
			isa = PBXCopyFilesBuildPhase;
			buildActionMask = 2147483647;
			dstPath = "";
			dstSubfolderSpec = 10;
			files = (
				D0CC93BF22A5FD39001E308D /* RTLSDR_Swift.framework in Embed Frameworks */,
			);
			name = "Embed Frameworks";
			runOnlyForDeploymentPostprocessing = 0;
		};
/* End PBXCopyFilesBuildPhase section */

/* Begin PBXFileReference section */
		D0CC939922A5F917001E308D /* RTLSDRDemo.app */ = {isa = PBXFileReference; explicitFileType = wrapper.application; includeInIndex = 0; path = RTLSDRDemo.app; sourceTree = BUILT_PRODUCTS_DIR; };
		D0CC939C22A5F917001E308D /* AppDelegate.swift */ = {isa = PBXFileReference; lastKnownFileType = sourcecode.swift; path = AppDelegate.swift; sourceTree = "<group>"; };
		D0CC939E22A5F91A001E308D /* Assets.xcassets */ = {isa = PBXFileReference; lastKnownFileType = folder.assetcatalog; path = Assets.xcassets; sourceTree = "<group>"; };
		D0CC93A122A5F91A001E308D /* Base */ = {isa = PBXFileReference; lastKnownFileType = file.xib; name = Base; path = Base.lproj/MainMenu.xib; sourceTree = "<group>"; };
		D0CC93A322A5F91A001E308D /* Info.plist */ = {isa = PBXFileReference; lastKnownFileType = text.plist.xml; path = Info.plist; sourceTree = "<group>"; };
		D0CC93AE22A5F9A1001E308D /* io_object_t+IOUSBDevice.swift */ = {isa = PBXFileReference; fileEncoding = 4; lastKnownFileType = sourcecode.swift; path = "io_object_t+IOUSBDevice.swift"; sourceTree = "<group>"; };
		D0CC93B022A5F9A1001E308D /* USBManager.swift */ = {isa = PBXFileReference; fileEncoding = 4; lastKnownFileType = sourcecode.swift; path = USBManager.swift; sourceTree = "<group>"; };
		D0CC93BD22A5FD39001E308D /* RTLSDR_Swift.framework */ = {isa = PBXFileReference; explicitFileType = wrapper.framework; path = RTLSDR_Swift.framework; sourceTree = BUILT_PRODUCTS_DIR; };
		D0CC93C022A5FD82001E308D /* RTLSDR_Swift.framework */ = {isa = PBXFileReference; lastKnownFileType = wrapper.framework; name = RTLSDR_Swift.framework; path = "../../../../../../Library/Developer/Xcode/DerivedData/RTLSDR-dlwgmhgqfzfyyuabqkvxfuelveuk/Build/Products/Debug/RTLSDR_Swift.framework"; sourceTree = "<group>"; };
/* End PBXFileReference section */

/* Begin PBXFrameworksBuildPhase section */
		D0CC939622A5F917001E308D /* Frameworks */ = {
			isa = PBXFrameworksBuildPhase;
			buildActionMask = 2147483647;
			files = (
				D0CC93BE22A5FD39001E308D /* RTLSDR_Swift.framework in Frameworks */,
			);
			runOnlyForDeploymentPostprocessing = 0;
		};
/* End PBXFrameworksBuildPhase section */

/* Begin PBXGroup section */
		D0CC939022A5F917001E308D = {
			isa = PBXGroup;
			children = (
				D0CC93BD22A5FD39001E308D /* RTLSDR_Swift.framework */,
				D0CC939B22A5F917001E308D /* RTLSDRDemo */,
				D0CC939A22A5F917001E308D /* Products */,
				D0CC93AA22A5F93D001E308D /* Frameworks */,
			);
			sourceTree = "<group>";
		};
		D0CC939A22A5F917001E308D /* Products */ = {
			isa = PBXGroup;
			children = (
				D0CC939922A5F917001E308D /* RTLSDRDemo.app */,
			);
			name = Products;
			sourceTree = "<group>";
		};
		D0CC939B22A5F917001E308D /* RTLSDRDemo */ = {
			isa = PBXGroup;
			children = (
				D0CC93AD22A5F9A1001E308D /* IOKitUSB */,
				D0CC939C22A5F917001E308D /* AppDelegate.swift */,
				D0CC939E22A5F91A001E308D /* Assets.xcassets */,
				D0CC93A022A5F91A001E308D /* MainMenu.xib */,
				D0CC93A322A5F91A001E308D /* Info.plist */,
			);
			path = RTLSDRDemo;
			sourceTree = "<group>";
		};
		D0CC93AA22A5F93D001E308D /* Frameworks */ = {
			isa = PBXGroup;
			children = (
				D0CC93C022A5FD82001E308D /* RTLSDR_Swift.framework */,
			);
			name = Frameworks;
			sourceTree = "<group>";
		};
		D0CC93AD22A5F9A1001E308D /* IOKitUSB */ = {
			isa = PBXGroup;
			children = (
				D0CC93AE22A5F9A1001E308D /* io_object_t+IOUSBDevice.swift */,
				D0CC93B022A5F9A1001E308D /* USBManager.swift */,
			);
			path = IOKitUSB;
			sourceTree = "<group>";
		};
/* End PBXGroup section */

/* Begin PBXNativeTarget section */
		D0CC939822A5F917001E308D /* RTLSDRDemo */ = {
			isa = PBXNativeTarget;
			buildConfigurationList = D0CC93A722A5F91A001E308D /* Build configuration list for PBXNativeTarget "RTLSDRDemo" */;
			buildPhases = (
				D0CC939522A5F917001E308D /* Sources */,
				D0CC939622A5F917001E308D /* Frameworks */,
				D0CC939722A5F917001E308D /* Resources */,
				D0CC93BC22A5FD23001E308D /* Embed Frameworks */,
			);
			buildRules = (
			);
			dependencies = (
			);
			name = RTLSDRDemo;
			productName = RTLSDRDemo;
			productReference = D0CC939922A5F917001E308D /* RTLSDRDemo.app */;
			productType = "com.apple.product-type.application";
		};
/* End PBXNativeTarget section */

/* Begin PBXProject section */
		D0CC939122A5F917001E308D /* Project object */ = {
			isa = PBXProject;
			attributes = {
				LastSwiftUpdateCheck = 1020;
				LastUpgradeCheck = 1020;
				ORGANIZATIONNAME = GetOffMyHack;
				TargetAttributes = {
					D0CC939822A5F917001E308D = {
						CreatedOnToolsVersion = 10.2.1;
						SystemCapabilities = {
							com.apple.Sandbox = {
								enabled = 0;
							};
						};
					};
				};
			};
			buildConfigurationList = D0CC939422A5F917001E308D /* Build configuration list for PBXProject "RTLSDRDemo" */;
			compatibilityVersion = "Xcode 9.3";
			developmentRegion = en;
			hasScannedForEncodings = 0;
			knownRegions = (
				en,
				Base,
			);
			mainGroup = D0CC939022A5F917001E308D;
			productRefGroup = D0CC939A22A5F917001E308D /* Products */;
			projectDirPath = "";
			projectRoot = "";
			targets = (
				D0CC939822A5F917001E308D /* RTLSDRDemo */,
			);
		};
/* End PBXProject section */

/* Begin PBXResourcesBuildPhase section */
		D0CC939722A5F917001E308D /* Resources */ = {
			isa = PBXResourcesBuildPhase;
			buildActionMask = 2147483647;
			files = (
				D0CC939F22A5F91A001E308D /* Assets.xcassets in Resources */,
				D0CC93A222A5F91A001E308D /* MainMenu.xib in Resources */,
			);
			runOnlyForDeploymentPostprocessing = 0;
		};
/* End PBXResourcesBuildPhase section */

/* Begin PBXSourcesBuildPhase section */
		D0CC939522A5F917001E308D /* Sources */ = {
			isa = PBXSourcesBuildPhase;
			buildActionMask = 2147483647;
			files = (
				D0CC93B322A5F9A1001E308D /* USBManager.swift in Sources */,
				D0CC93B122A5F9A1001E308D /* io_object_t+IOUSBDevice.swift in Sources */,
				D0CC939D22A5F917001E308D /* AppDelegate.swift in Sources */,
			);
			runOnlyForDeploymentPostprocessing = 0;
		};
/* End PBXSourcesBuildPhase section */

/* Begin PBXVariantGroup section */
		D0CC93A022A5F91A001E308D /* MainMenu.xib */ = {
			isa = PBXVariantGroup;
			children = (
				D0CC93A122A5F91A001E308D /* Base */,
			);
			name = MainMenu.xib;
			sourceTree = "<group>";
		};
/* End PBXVariantGroup section */

/* Begin XCBuildConfiguration section */
		D0CC93A522A5F91A001E308D /* Debug */ = {
			isa = XCBuildConfiguration;
			buildSettings = {
				ALWAYS_SEARCH_USER_PATHS = NO;
				CLANG_ANALYZER_NONNULL = YES;
				CLANG_ANALYZER_NUMBER_OBJECT_CONVERSION = YES_AGGRESSIVE;
				CLANG_CXX_LANGUAGE_STANDARD = "gnu++14";
				CLANG_CXX_LIBRARY = "libc++";
				CLANG_ENABLE_MODULES = YES;
				CLANG_ENABLE_OBJC_ARC = YES;
				CLANG_ENABLE_OBJC_WEAK = YES;
				CLANG_WARN_BLOCK_CAPTURE_AUTORELEASING = YES;
				CLANG_WARN_BOOL_CONVERSION = YES;
				CLANG_WARN_COMMA = YES;
				CLANG_WARN_CONSTANT_CONVERSION = YES;
				CLANG_WARN_DEPRECATED_OBJC_IMPLEMENTATIONS = YES;
				CLANG_WARN_DIRECT_OBJC_ISA_USAGE = YES_ERROR;
				CLANG_WARN_DOCUMENTATION_COMMENTS = YES;
				CLANG_WARN_EMPTY_BODY = YES;
				CLANG_WARN_ENUM_CONVERSION = YES;
				CLANG_WARN_INFINITE_RECURSION = YES;
				CLANG_WARN_INT_CONVERSION = YES;
				CLANG_WARN_NON_LITERAL_NULL_CONVERSION = YES;
				CLANG_WARN_OBJC_IMPLICIT_RETAIN_SELF = YES;
				CLANG_WARN_OBJC_LITERAL_CONVERSION = YES;
				CLANG_WARN_OBJC_ROOT_CLASS = YES_ERROR;
				CLANG_WARN_RANGE_LOOP_ANALYSIS = YES;
				CLANG_WARN_STRICT_PROTOTYPES = YES;
				CLANG_WARN_SUSPICIOUS_MOVE = YES;
				CLANG_WARN_UNGUARDED_AVAILABILITY = YES_AGGRESSIVE;
				CLANG_WARN_UNREACHABLE_CODE = YES;
				CLANG_WARN__DUPLICATE_METHOD_MATCH = YES;
				CODE_SIGN_IDENTITY = "-";
				COPY_PHASE_STRIP = NO;
				DEBUG_INFORMATION_FORMAT = dwarf;
				ENABLE_STRICT_OBJC_MSGSEND = YES;
				ENABLE_TESTABILITY = YES;
				GCC_C_LANGUAGE_STANDARD = gnu11;
				GCC_DYNAMIC_NO_PIC = NO;
				GCC_NO_COMMON_BLOCKS = YES;
				GCC_OPTIMIZATION_LEVEL = 0;
				GCC_PREPROCESSOR_DEFINITIONS = (
					"DEBUG=1",
					"$(inherited)",
				);
				GCC_WARN_64_TO_32_BIT_CONVERSION = YES;
				GCC_WARN_ABOUT_RETURN_TYPE = YES_ERROR;
				GCC_WARN_UNDECLARED_SELECTOR = YES;
				GCC_WARN_UNINITIALIZED_AUTOS = YES_AGGRESSIVE;
				GCC_WARN_UNUSED_FUNCTION = YES;
				GCC_WARN_UNUSED_VARIABLE = YES;
				MACOSX_DEPLOYMENT_TARGET = 10.14;
				MTL_ENABLE_DEBUG_INFO = INCLUDE_SOURCE;
				MTL_FAST_MATH = YES;
				ONLY_ACTIVE_ARCH = YES;
				SDKROOT = macosx;
				SWIFT_ACTIVE_COMPILATION_CONDITIONS = DEBUG;
				SWIFT_OPTIMIZATION_LEVEL = "-Onone";
			};
			name = Debug;
		};
		D0CC93A622A5F91A001E308D /* Release */ = {
			isa = XCBuildConfiguration;
			buildSettings = {
				ALWAYS_SEARCH_USER_PATHS = NO;
				CLANG_ANALYZER_NONNULL = YES;
				CLANG_ANALYZER_NUMBER_OBJECT_CONVERSION = YES_AGGRESSIVE;
				CLANG_CXX_LANGUAGE_STANDARD = "gnu++14";
				CLANG_CXX_LIBRARY = "libc++";
				CLANG_ENABLE_MODULES = YES;
				CLANG_ENABLE_OBJC_ARC = YES;
				CLANG_ENABLE_OBJC_WEAK = YES;
				CLANG_WARN_BLOCK_CAPTURE_AUTORELEASING = YES;
				CLANG_WARN_BOOL_CONVERSION = YES;
				CLANG_WARN_COMMA = YES;
				CLANG_WARN_CONSTANT_CONVERSION = YES;
				CLANG_WARN_DEPRECATED_OBJC_IMPLEMENTATIONS = YES;
				CLANG_WARN_DIRECT_OBJC_ISA_USAGE = YES_ERROR;
				CLANG_WARN_DOCUMENTATION_COMMENTS = YES;
				CLANG_WARN_EMPTY_BODY = YES;
				CLANG_WARN_ENUM_CONVERSION = YES;
				CLANG_WARN_INFINITE_RECURSION = YES;
				CLANG_WARN_INT_CONVERSION = YES;
				CLANG_WARN_NON_LITERAL_NULL_CONVERSION = YES;
				CLANG_WARN_OBJC_IMPLICIT_RETAIN_SELF = YES;
				CLANG_WARN_OBJC_LITERAL_CONVERSION = YES;
				CLANG_WARN_OBJC_ROOT_CLASS = YES_ERROR;
				CLANG_WARN_RANGE_LOOP_ANALYSIS = YES;
				CLANG_WARN_STRICT_PROTOTYPES = YES;
				CLANG_WARN_SUSPICIOUS_MOVE = YES;
				CLANG_WARN_UNGUARDED_AVAILABILITY = YES_AGGRESSIVE;
				CLANG_WARN_UNREACHABLE_CODE = YES;
				CLANG_WARN__DUPLICATE_METHOD_MATCH = YES;
				CODE_SIGN_IDENTITY = "-";
				COPY_PHASE_STRIP = NO;
				DEBUG_INFORMATION_FORMAT = "dwarf-with-dsym";
				ENABLE_NS_ASSERTIONS = NO;
				ENABLE_STRICT_OBJC_MSGSEND = YES;
				GCC_C_LANGUAGE_STANDARD = gnu11;
				GCC_NO_COMMON_BLOCKS = YES;
				GCC_WARN_64_TO_32_BIT_CONVERSION = YES;
				GCC_WARN_ABOUT_RETURN_TYPE = YES_ERROR;
				GCC_WARN_UNDECLARED_SELECTOR = YES;
				GCC_WARN_UNINITIALIZED_AUTOS = YES_AGGRESSIVE;
				GCC_WARN_UNUSED_FUNCTION = YES;
				GCC_WARN_UNUSED_VARIABLE = YES;
				MACOSX_DEPLOYMENT_TARGET = 10.14;
				MTL_ENABLE_DEBUG_INFO = NO;
				MTL_FAST_MATH = YES;
				SDKROOT = macosx;
				SWIFT_COMPILATION_MODE = wholemodule;
				SWIFT_OPTIMIZATION_LEVEL = "-O";
			};
			name = Release;
		};
		D0CC93A822A5F91A001E308D /* Debug */ = {
			isa = XCBuildConfiguration;
			buildSettings = {
				ASSETCATALOG_COMPILER_APPICON_NAME = AppIcon;
				CODE_SIGN_STYLE = Automatic;
				COMBINE_HIDPI_IMAGES = YES;
				INFOPLIST_FILE = RTLSDRDemo/Info.plist;
				LD_RUNPATH_SEARCH_PATHS = (
					"$(inherited)",
					"@executable_path/../Frameworks",
				);
				PRODUCT_BUNDLE_IDENTIFIER = com.getoffmyhack.RTLSDRDemo;
				PRODUCT_NAME = "$(TARGET_NAME)";
				SWIFT_VERSION = 5.0;
			};
			name = Debug;
		};
		D0CC93A922A5F91A001E308D /* Release */ = {
			isa = XCBuildConfiguration;
			buildSettings = {
				ASSETCATALOG_COMPILER_APPICON_NAME = AppIcon;
				CODE_SIGN_STYLE = Automatic;
				COMBINE_HIDPI_IMAGES = YES;
				INFOPLIST_FILE = RTLSDRDemo/Info.plist;
				LD_RUNPATH_SEARCH_PATHS = (
					"$(inherited)",
					"@executable_path/../Frameworks",
				);
				PRODUCT_BUNDLE_IDENTIFIER = com.getoffmyhack.RTLSDRDemo;
				PRODUCT_NAME = "$(TARGET_NAME)";
				SWIFT_VERSION = 5.0;
			};
			name = Release;
		};
/* End XCBuildConfiguration section */

/* Begin XCConfigurationList section */
		D0CC939422A5F917001E308D /* Build configuration list for PBXProject "RTLSDRDemo" */ = {
			isa = XCConfigurationList;
			buildConfigurations = (
				D0CC93A522A5F91A001E308D /* Debug */,
				D0CC93A622A5F91A001E308D /* Release */,
			);
			defaultConfigurationIsVisible = 0;
			defaultConfigurationName = Release;
		};
		D0CC93A722A5F91A001E308D /* Build configuration list for PBXNativeTarget "RTLSDRDemo" */ = {
			isa = XCConfigurationList;
			buildConfigurations = (
				D0CC93A822A5F91A001E308D /* Debug */,
				D0CC93A922A5F91A001E308D /* Release */,
			);
			defaultConfigurationIsVisible = 0;
			defaultConfigurationName = Release;
		};
/* End XCConfigurationList section */
	};
	rootObject = D0CC939122A5F917001E308D /* Project object */;
}
